
Microsoft Visual Studio Solution File, Format Version 12.00
# Visual Studio Version 17
VisualStudioVersion = 17.9.34622.214
MinimumVisualStudioVersion = 10.0.40219.1
Project("{FAE04EC0-301F-11D3-BF4B-00C04F79EFBC}") = "Counting-Udemy_Web_C#", "Counting-Udemy_Web_C#.csproj", "{4B089623-3646-4EE9-9562-9E4CA0F66326}"
EndProject
Global
	GlobalSection(SolutionConfigurationPlatforms) = preSolution
		Debug|Any CPU = Debug|Any CPU
		Release|Any CPU = Release|Any CPU
	EndGlobalSection
	GlobalSection(ProjectConfigurationPlatforms) = postSolution
		{4B089623-3646-4EE9-9562-9E4CA0F66326}.Debug|Any CPU.ActiveCfg = Debug|Any CPU
		{4B089623-3646-4EE9-9562-9E4CA0F66326}.Debug|Any CPU.Build.0 = Debug|Any CPU
		{4B089623-3646-4EE9-9562-9E4CA0F66326}.Release|Any CPU.ActiveCfg = Release|Any CPU
		{4B089623-3646-4EE9-9562-9E4CA0F66326}.Release|Any CPU.Build.0 = Release|Any CPU
	EndGlobalSection
	GlobalSection(SolutionProperties) = preSolution
		HideSolutionNode = FALSE
	EndGlobalSection
	GlobalSection(ExtensibilityGlobals) = postSolution
		SolutionGuid = {E43B6EE3-B3E0-4D7B-93D7-C9CC8765F494}
	EndGlobalSection
EndGlobal
