
Microsoft Visual Studio Solution File, Format Version 12.00
# Visual Studio Version 17
VisualStudioVersion = 17.9.34622.214
MinimumVisualStudioVersion = 10.0.40219.1
Project("{FAE04EC0-301F-11D3-BF4B-00C04F79EFBC}") = "Directory-Udemy_Web_C#", "Directory-Udemy_Web_C#.csproj", "{189E9408-55A7-4F3B-9D6B-DA34BE9673A3}"
EndProject
Global
	GlobalSection(SolutionConfigurationPlatforms) = preSolution
		Debug|Any CPU = Debug|Any CPU
		Release|Any CPU = Release|Any CPU
	EndGlobalSection
	GlobalSection(ProjectConfigurationPlatforms) = postSolution
		{189E9408-55A7-4F3B-9D6B-DA34BE9673A3}.Debug|Any CPU.ActiveCfg = Debug|Any CPU
		{189E9408-55A7-4F3B-9D6B-DA34BE9673A3}.Debug|Any CPU.Build.0 = Debug|Any CPU
		{189E9408-55A7-4F3B-9D6B-DA34BE9673A3}.Release|Any CPU.ActiveCfg = Release|Any CPU
		{189E9408-55A7-4F3B-9D6B-DA34BE9673A3}.Release|Any CPU.Build.0 = Release|Any CPU
	EndGlobalSection
	GlobalSection(SolutionProperties) = preSolution
		HideSolutionNode = FALSE
	EndGlobalSection
	GlobalSection(ExtensibilityGlobals) = postSolution
		SolutionGuid = {A9F750F3-4198-4277-A532-096B594E3F86}
	EndGlobalSection
EndGlobal
