
Microsoft Visual Studio Solution File, Format Version 12.00
# Visual Studio Version 17
VisualStudioVersion = 17.9.34622.214
MinimumVisualStudioVersion = 10.0.40219.1
Project("{FAE04EC0-301F-11D3-BF4B-00C04F79EFBC}") = "Delegates-Udemy_Web_C#", "Delegates-Udemy_Web_C#.csproj", "{0D41B7A7-5CB0-48B6-A2FC-3180F261A6FE}"
EndProject
Global
	GlobalSection(SolutionConfigurationPlatforms) = preSolution
		Debug|Any CPU = Debug|Any CPU
		Release|Any CPU = Release|Any CPU
	EndGlobalSection
	GlobalSection(ProjectConfigurationPlatforms) = postSolution
		{0D41B7A7-5CB0-48B6-A2FC-3180F261A6FE}.Debug|Any CPU.ActiveCfg = Debug|Any CPU
		{0D41B7A7-5CB0-48B6-A2FC-3180F261A6FE}.Debug|Any CPU.Build.0 = Debug|Any CPU
		{0D41B7A7-5CB0-48B6-A2FC-3180F261A6FE}.Release|Any CPU.ActiveCfg = Release|Any CPU
		{0D41B7A7-5CB0-48B6-A2FC-3180F261A6FE}.Release|Any CPU.Build.0 = Release|Any CPU
	EndGlobalSection
	GlobalSection(SolutionProperties) = preSolution
		HideSolutionNode = FALSE
	EndGlobalSection
	GlobalSection(ExtensibilityGlobals) = postSolution
		SolutionGuid = {2D72EADF-6FB8-45A3-93A1-DE34AF1A9925}
	EndGlobalSection
EndGlobal
