
Microsoft Visual Studio Solution File, Format Version 12.00
# Visual Studio Version 17
VisualStudioVersion = 17.9.34622.214
MinimumVisualStudioVersion = 10.0.40219.1
Project("{FAE04EC0-301F-11D3-BF4B-00C04F79EFBC}") = "Calculator-Udemy_Web_C#", "Calculator-Udemy_Web_C#.csproj", "{8B904064-7BD5-4F79-A9D3-F38933A297E6}"
EndProject
Global
	GlobalSection(SolutionConfigurationPlatforms) = preSolution
		Debug|Any CPU = Debug|Any CPU
		Release|Any CPU = Release|Any CPU
	EndGlobalSection
	GlobalSection(ProjectConfigurationPlatforms) = postSolution
		{8B904064-7BD5-4F79-A9D3-F38933A297E6}.Debug|Any CPU.ActiveCfg = Debug|Any CPU
		{8B904064-7BD5-4F79-A9D3-F38933A297E6}.Debug|Any CPU.Build.0 = Debug|Any CPU
		{8B904064-7BD5-4F79-A9D3-F38933A297E6}.Release|Any CPU.ActiveCfg = Release|Any CPU
		{8B904064-7BD5-4F79-A9D3-F38933A297E6}.Release|Any CPU.Build.0 = Release|Any CPU
	EndGlobalSection
	GlobalSection(SolutionProperties) = preSolution
		HideSolutionNode = FALSE
	EndGlobalSection
	GlobalSection(ExtensibilityGlobals) = postSolution
		SolutionGuid = {9ED7451D-354E-4D77-B59E-801C8AB41A4C}
	EndGlobalSection
EndGlobal
