
Microsoft Visual Studio Solution File, Format Version 12.00
# Visual Studio Version 17
VisualStudioVersion = 17.9.34622.214
MinimumVisualStudioVersion = 10.0.40219.1
Project("{FAE04EC0-301F-11D3-BF4B-00C04F79EFBC}") = "Abstract-Udemy_Web_C#", "Abstract-Udemy_Web_C#.csproj", "{CC8746B6-EF95-4222-8136-CC1EDE1A7A48}"
EndProject
Global
	GlobalSection(SolutionConfigurationPlatforms) = preSolution
		Debug|Any CPU = Debug|Any CPU
		Release|Any CPU = Release|Any CPU
	EndGlobalSection
	GlobalSection(ProjectConfigurationPlatforms) = postSolution
		{CC8746B6-EF95-4222-8136-CC1EDE1A7A48}.Debug|Any CPU.ActiveCfg = Debug|Any CPU
		{CC8746B6-EF95-4222-8136-CC1EDE1A7A48}.Debug|Any CPU.Build.0 = Debug|Any CPU
		{CC8746B6-EF95-4222-8136-CC1EDE1A7A48}.Release|Any CPU.ActiveCfg = Release|Any CPU
		{CC8746B6-EF95-4222-8136-CC1EDE1A7A48}.Release|Any CPU.Build.0 = Release|Any CPU
	EndGlobalSection
	GlobalSection(SolutionProperties) = preSolution
		HideSolutionNode = FALSE
	EndGlobalSection
	GlobalSection(ExtensibilityGlobals) = postSolution
		SolutionGuid = {6B23293B-971B-4FF7-8B56-EE6EFB889974}
	EndGlobalSection
EndGlobal
