
Microsoft Visual Studio Solution File, Format Version 12.00
# Visual Studio Version 17
VisualStudioVersion = 17.9.34622.214
MinimumVisualStudioVersion = 10.0.40219.1
Project("{FAE04EC0-301F-11D3-BF4B-00C04F79EFBC}") = "Inheritance-Udemy_Web_C#", "Inheritance-Udemy_Web_C#.csproj", "{D2F1FF6A-7F1A-46DE-AD64-CC10B1C23A13}"
EndProject
Global
	GlobalSection(SolutionConfigurationPlatforms) = preSolution
		Debug|Any CPU = Debug|Any CPU
		Release|Any CPU = Release|Any CPU
	EndGlobalSection
	GlobalSection(ProjectConfigurationPlatforms) = postSolution
		{D2F1FF6A-7F1A-46DE-AD64-CC10B1C23A13}.Debug|Any CPU.ActiveCfg = Debug|Any CPU
		{D2F1FF6A-7F1A-46DE-AD64-CC10B1C23A13}.Debug|Any CPU.Build.0 = Debug|Any CPU
		{D2F1FF6A-7F1A-46DE-AD64-CC10B1C23A13}.Release|Any CPU.ActiveCfg = Release|Any CPU
		{D2F1FF6A-7F1A-46DE-AD64-CC10B1C23A13}.Release|Any CPU.Build.0 = Release|Any CPU
	EndGlobalSection
	GlobalSection(SolutionProperties) = preSolution
		HideSolutionNode = FALSE
	EndGlobalSection
	GlobalSection(ExtensibilityGlobals) = postSolution
		SolutionGuid = {2B9049EB-8A11-4609-85FB-0ADF133C9CA1}
	EndGlobalSection
EndGlobal
